# THIS IS AN AUTOGENERATED FILE. DO NOT EDIT THIS FILE DIRECTLY.
# yarn lockfile v1


vue-form-generator@^2.3.4:
  version "2.3.4"
  resolved "https://registry.yarnpkg.com/vue-form-generator/-/vue-form-generator-2.3.4.tgz#aa043ea5163ab5c6cc3cc9ab83e7b70dd5e010a9"
  integrity sha512-gkGLukX2xyVYASVopRVt/v4ZVFpoH+I1j+yRIkJBOR9++UwZTi8yREWydnKukpp/r90SGX68Yzy4OkQrKZHluQ==
